
Microsoft Visual Studio Solution File, Format Version 12.00
# Visual Studio Version 17
VisualStudioVersion = 17.4.33213.308
MinimumVisualStudioVersion = 10.0.40219.1
Project("{FAE04EC0-301F-11D3-BF4B-00C04F79EFBC}") = "CoursesApp", "CoursesApp\CoursesApp.csproj", "{6262B3D8-8434-49BE-A427-00BDAE3C1B63}"
EndProject
Project("{FAE04EC0-301F-11D3-BF4B-00C04F79EFBC}") = "CoursesApp.Tests", "CoursesApp.Tests\CoursesApp.Tests.csproj", "{6BF3F856-B07C-4708-9EA8-33B2333C76B4}"
EndProject
Project("{FAE04EC0-301F-11D3-BF4B-00C04F79EFBC}") = "CourseDataAccess", "CourseDataAccess\CourseDataAccess.csproj", "{45235240-66E5-4BEC-A51A-23D847DC7947}"
EndProject
Global
	GlobalSection(SolutionConfigurationPlatforms) = preSolution
		Debug|Any CPU = Debug|Any CPU
		Release|Any CPU = Release|Any CPU
	EndGlobalSection
	GlobalSection(ProjectConfigurationPlatforms) = postSolution
		{6262B3D8-8434-49BE-A427-00BDAE3C1B63}.Debug|Any CPU.ActiveCfg = Debug|Any CPU
		{6262B3D8-8434-49BE-A427-00BDAE3C1B63}.Debug|Any CPU.Build.0 = Debug|Any CPU
		{6262B3D8-8434-49BE-A427-00BDAE3C1B63}.Release|Any CPU.ActiveCfg = Release|Any CPU
		{6262B3D8-8434-49BE-A427-00BDAE3C1B63}.Release|Any CPU.Build.0 = Release|Any CPU
		{6BF3F856-B07C-4708-9EA8-33B2333C76B4}.Debug|Any CPU.ActiveCfg = Debug|Any CPU
		{6BF3F856-B07C-4708-9EA8-33B2333C76B4}.Debug|Any CPU.Build.0 = Debug|Any CPU
		{6BF3F856-B07C-4708-9EA8-33B2333C76B4}.Release|Any CPU.ActiveCfg = Release|Any CPU
		{6BF3F856-B07C-4708-9EA8-33B2333C76B4}.Release|Any CPU.Build.0 = Release|Any CPU
		{45235240-66E5-4BEC-A51A-23D847DC7947}.Debug|Any CPU.ActiveCfg = Debug|Any CPU
		{45235240-66E5-4BEC-A51A-23D847DC7947}.Debug|Any CPU.Build.0 = Debug|Any CPU
		{45235240-66E5-4BEC-A51A-23D847DC7947}.Release|Any CPU.ActiveCfg = Release|Any CPU
		{45235240-66E5-4BEC-A51A-23D847DC7947}.Release|Any CPU.Build.0 = Release|Any CPU
	EndGlobalSection
	GlobalSection(SolutionProperties) = preSolution
		HideSolutionNode = FALSE
	EndGlobalSection
	GlobalSection(ExtensibilityGlobals) = postSolution
		SolutionGuid = {D34B1C20-6FE6-4428-8292-DDB0EAF73773}
	EndGlobalSection
EndGlobal
